
Microsoft Visual Studio Solution File, Format Version 12.00
# Visual Studio Version 16
VisualStudioVersion = 16.0.31624.102
MinimumVisualStudioVersion = 10.0.40219.1
Project("{FAE04EC0-301F-11D3-BF4B-00C04F79EFBC}") = "ConsoleAppAscending", "ConsoleAppAscending\ConsoleAppAscending.csproj", "{190586F3-6FE1-489F-BBF9-CE10C8A365A6}"
EndProject
Global
	GlobalSection(SolutionConfigurationPlatforms) = preSolution
		Debug|Any CPU = Debug|Any CPU
		Release|Any CPU = Release|Any CPU
	EndGlobalSection
	GlobalSection(ProjectConfigurationPlatforms) = postSolution
		{190586F3-6FE1-489F-BBF9-CE10C8A365A6}.Debug|Any CPU.ActiveCfg = Debug|Any CPU
		{190586F3-6FE1-489F-BBF9-CE10C8A365A6}.Debug|Any CPU.Build.0 = Debug|Any CPU
		{190586F3-6FE1-489F-BBF9-CE10C8A365A6}.Release|Any CPU.ActiveCfg = Release|Any CPU
		{190586F3-6FE1-489F-BBF9-CE10C8A365A6}.Release|Any CPU.Build.0 = Release|Any CPU
	EndGlobalSection
	GlobalSection(SolutionProperties) = preSolution
		HideSolutionNode = FALSE
	EndGlobalSection
	GlobalSection(ExtensibilityGlobals) = postSolution
		SolutionGuid = {09DC7754-409B-48B3-AA15-2EA162C308F6}
	EndGlobalSection
EndGlobal
